
Microsoft Visual Studio Solution File, Format Version 12.00
# Visual Studio Version 16
VisualStudioVersion = 16.0.30114.105
MinimumVisualStudioVersion = 10.0.40219.1
Project("{FAE04EC0-301F-11D3-BF4B-00C04F79EFBC}") = "ProdutosApi", "ProdutosApi.csproj", "{BDE8CF6F-D152-4A41-8284-B3F5D9FFD96F}"
EndProject
Global
	GlobalSection(SolutionConfigurationPlatforms) = preSolution
		Debug|Any CPU = Debug|Any CPU
		Release|Any CPU = Release|Any CPU
	EndGlobalSection
	GlobalSection(SolutionProperties) = preSolution
		HideSolutionNode = FALSE
	EndGlobalSection
	GlobalSection(ProjectConfigurationPlatforms) = postSolution
		{BDE8CF6F-D152-4A41-8284-B3F5D9FFD96F}.Debug|Any CPU.ActiveCfg = Debug|Any CPU
		{BDE8CF6F-D152-4A41-8284-B3F5D9FFD96F}.Debug|Any CPU.Build.0 = Debug|Any CPU
		{BDE8CF6F-D152-4A41-8284-B3F5D9FFD96F}.Release|Any CPU.ActiveCfg = Release|Any CPU
		{BDE8CF6F-D152-4A41-8284-B3F5D9FFD96F}.Release|Any CPU.Build.0 = Release|Any CPU
	EndGlobalSection
EndGlobal
